{
  "name": "Ekonomik Mapa interaktywna",
  "lockfileVersion": 3,
  "requires": true,
  "packages": {
    "": {
      "dependencies": {
        "js-3d-model-viewer": "^0.2.1"
      }
    },
    "node_modules/js-3d-model-viewer": {
      "version": "0.2.1",
      "resolved": "https://registry.npmjs.org/js-3d-model-viewer/-/js-3d-model-viewer-0.2.1.tgz",
      "integrity": "sha512-rYIWSkseRij1U0p5uWUXGm+FOkuqo/ehC5JFzLcAWp+tAWxwMDA2O6vmL4A0cCON42ab8DElIaSjYsY8fjZfCA==",
      "dependencies": {
        "three": "0.148.0",
        "three-orbit-controls": "^82.1.0"
      }
    },
    "node_modules/three": {
      "version": "0.148.0",
      "resolved": "https://registry.npmjs.org/three/-/three-0.148.0.tgz",
      "integrity": "sha512-8uzVV+qhTPi0bOFs/3te3RW6hb3urL8jYEl6irjCWo/l6sr8MPNMcClFev/MMYeIxr0gmDcoXTy/8LXh/LXkfw=="
    },
    "node_modules/three-orbit-controls": {
      "version": "82.1.0",
      "resolved": "https://registry.npmjs.org/three-orbit-controls/-/three-orbit-controls-82.1.0.tgz",
      "integrity": "sha512-hIWxGoHqIbeq0S2lA14m9VRzo7SamKKVJ9mKMT/rdh0Qa3nV5Umvhlx4zsHl0Y6jLKVZhjatJfeD/K08Tr/g4A=="
    }
  }
}
